{
  "name": "ex-typescript",
  "version": "1.0.0",
  "lockfileVersion": 1,
  "requires": true,
  "dependencies": {
    "@popperjs/core": {
      "version": "2.11.8",
      "resolved": "https://registry.npmjs.org/@popperjs/core/-/core-2.11.8.tgz",
      "integrity": "sha512-P1st0aksCrn9sGZhp8GMYwBnQsbvAWsZAX44oXNNvLHGqAOcoVxmjZiohstwQ7SqKnbR47akdNi+uleWD8+g6A=="
    },
    "@types/bootstrap": {
      "version": "5.2.8",
      "resolved": "https://registry.npmjs.org/@types/bootstrap/-/bootstrap-5.2.8.tgz",
      "integrity": "sha512-14do+aWZPc1w3G+YevSsy8eas1XEPhTOUNBhQX/r12YKn7ySssATJusBQ/HCQAd2nq54U8vvrftHSb1YpeJUXg==",
      "requires": {
        "@popperjs/core": "^2.9.2"
      }
    },
    "@types/icheck": {
      "version": "1.0.2",
      "resolved": "https://registry.npmjs.org/@types/icheck/-/icheck-1.0.2.tgz",
      "integrity": "sha512-uya1uaDmXqSBtglWRyK4NnMukSKoHT47Am5MDpcojS8q3EabZZuQmJTgCauycVPOpsn+fQYxy75RxhF/Re4YxA==",
      "requires": {
        "@types/jquery": "*"
      }
    },
    "@types/jquery": {
      "version": "3.5.25",
      "resolved": "https://registry.npmjs.org/@types/jquery/-/jquery-3.5.25.tgz",
      "integrity": "sha512-gykx2c+OZf5nx2tv/5fDQqmvGgTiXshELy5jf9IgXPtVfSBl57IUYByN4osbwMXwJijWGOEYQABzGaFZE79A0Q==",
      "requires": {
        "@types/sizzle": "*"
      }
    },
    "@types/jquery.pjax": {
      "version": "0.0.33",
      "resolved": "https://registry.npmjs.org/@types/jquery.pjax/-/jquery.pjax-0.0.33.tgz",
      "integrity": "sha512-ZVoFtaqHOHvz3SeXz5aCFOi3YeSIrIyGvyT60fOpOLSqm0JIi5j+iU3ESGBCBqKXYCpw/ool5aSbfZUtk0+S7Q==",
      "requires": {
        "@types/jquery": "*"
      }
    },
    "@types/jquery.validation": {
      "version": "1.16.9",
      "resolved": "https://registry.npmjs.org/@types/jquery.validation/-/jquery.validation-1.16.9.tgz",
      "integrity": "sha512-CNtGGG5rKL5yJriHcnvoyX2FHQT1IjDTZFLRmhnpM7p8Zf6BQWhrewVxjfH1r6V8lMYWN6EW8zy7BUJt2wMNQQ==",
      "requires": {
        "@types/jquery": "*"
      }
    },
    "@types/jqueryui": {
      "version": "1.12.19",
      "resolved": "https://registry.npmjs.org/@types/jqueryui/-/jqueryui-1.12.19.tgz",
      "integrity": "sha512-pbjCT91/GB3kbJ9R2VeCfgTgHnqCrDG7FhLC7jeRnOsUJBxBX4VzTYPwF/qdRDxt7AHwaCzeuIM7IEPdYpfNvg==",
      "requires": {
        "@types/jquery": "*"
      }
    },
    "@types/node": {
      "version": "20.8.9",
      "resolved": "https://registry.npmjs.org/@types/node/-/node-20.8.9.tgz",
      "integrity": "sha512-UzykFsT3FhHb1h7yD4CA4YhBHq545JC0YnEz41xkipN88eKQtL6rSgocL5tbAP6Ola9Izm/Aw4Ora8He4x0BHg==",
      "requires": {
        "undici-types": "~5.26.4"
      }
    },
    "@types/select2": {
      "version": "4.0.60",
      "resolved": "https://registry.npmjs.org/@types/select2/-/select2-4.0.60.tgz",
      "integrity": "sha512-gl9F0IBT9fdlv1aZD1FsrX3Xl6ZOTfZ6RzlkNwpFuUU6soiWAlrkI0HVy9/iEM+F5j5avmf7pi1EgGWyjpgDVg==",
      "requires": {
        "@types/jquery": "*"
      }
    },
    "@types/sizzle": {
      "version": "2.3.5",
      "resolved": "https://registry.npmjs.org/@types/sizzle/-/sizzle-2.3.5.tgz",
      "integrity": "sha512-tAe4Q+OLFOA/AMD+0lq8ovp8t3ysxAOeaScnfNdZpUxaGl51ZMDEITxkvFl1STudQ58mz6gzVGl9VhMKhwRnZQ=="
    },
    "undici-types": {
      "version": "5.26.5",
      "resolved": "https://registry.npmjs.org/undici-types/-/undici-types-5.26.5.tgz",
      "integrity": "sha512-JlCMO+ehdEIKqlFxk6IfVoAUVmgz7cU7zD/h9XZ0qzeosSHmUJVOzSQvvYSYWXkFXC+IfLKSIffhv0sVZup6pA=="
    }
  }
}
